{
  "name": "vue-resume-hyl",
  "version": "1.0.0",
  "lockfileVersion": 1,
  "requires": true,
  "dependencies": {
    "node-css": {
      "version": "0.1.0",
      "resolved": "http://registry.npm.taobao.org/node-css/download/node-css-0.1.0.tgz",
      "integrity": "sha1-YUgpRfdqQzoG38Yr1bq7dUQq6Y8="
    },
    "vue-router": {
      "version": "3.0.1",
      "resolved": "http://registry.npm.taobao.org/vue-router/download/vue-router-3.0.1.tgz",
      "integrity": "sha1-2bBa2cdCC6D2JtZQDWk+YAkswek="
    }
  }
}
